
Microsoft Visual Studio Solution File, Format Version 12.00
# Visual Studio Version 17
VisualStudioVersion = 17.7.34031.279
MinimumVisualStudioVersion = 10.0.40219.1
Project("{FAE04EC0-301F-11D3-BF4B-00C04F79EFBC}") = "Runner_Admin_Checkpoints", "Runner_Admin_Checkpoints\Runner_Admin_Checkpoints.csproj", "{A299DBDE-4BFE-4E05-9637-EB70FF3655BD}"
EndProject
Global
	GlobalSection(SolutionConfigurationPlatforms) = preSolution
		Debug|Any CPU = Debug|Any CPU
		Release|Any CPU = Release|Any CPU
	EndGlobalSection
	GlobalSection(ProjectConfigurationPlatforms) = postSolution
		{A299DBDE-4BFE-4E05-9637-EB70FF3655BD}.Debug|Any CPU.ActiveCfg = Debug|Any CPU
		{A299DBDE-4BFE-4E05-9637-EB70FF3655BD}.Debug|Any CPU.Build.0 = Debug|Any CPU
		{A299DBDE-4BFE-4E05-9637-EB70FF3655BD}.Release|Any CPU.ActiveCfg = Release|Any CPU
		{A299DBDE-4BFE-4E05-9637-EB70FF3655BD}.Release|Any CPU.Build.0 = Release|Any CPU
	EndGlobalSection
	GlobalSection(SolutionProperties) = preSolution
		HideSolutionNode = FALSE
	EndGlobalSection
	GlobalSection(ExtensibilityGlobals) = postSolution
		SolutionGuid = {E1EAB465-1DBF-458B-B5F2-803FDA732B38}
	EndGlobalSection
EndGlobal
